
Microsoft Visual Studio Solution File, Format Version 12.00
# Visual Studio Version 17
VisualStudioVersion = 17.11.35327.3
MinimumVisualStudioVersion = 10.0.40219.1
Project("{FAE04EC0-301F-11D3-BF4B-00C04F79EFBC}") = "KeyTap_Service", "KeyTap_Service\KeyTap_Service.csproj", "{9C92BA96-D8B7-4359-AFEE-7FB84B4FCD33}"
EndProject
Project("{FAE04EC0-301F-11D3-BF4B-00C04F79EFBC}") = "KeyTap_Service.Tests", "KeyTap_Service.Tests\KeyTap_Service.Tests.csproj", "{B662D345-97F9-4EAD-963A-3CD63806AA63}"
EndProject
Global
	GlobalSection(SolutionConfigurationPlatforms) = preSolution
		Debug|Any CPU = Debug|Any CPU
		Release|Any CPU = Release|Any CPU
	EndGlobalSection
	GlobalSection(ProjectConfigurationPlatforms) = postSolution
		{9C92BA96-D8B7-4359-AFEE-7FB84B4FCD33}.Debug|Any CPU.ActiveCfg = Debug|Any CPU
		{9C92BA96-D8B7-4359-AFEE-7FB84B4FCD33}.Debug|Any CPU.Build.0 = Debug|Any CPU
		{9C92BA96-D8B7-4359-AFEE-7FB84B4FCD33}.Release|Any CPU.ActiveCfg = Release|Any CPU
		{9C92BA96-D8B7-4359-AFEE-7FB84B4FCD33}.Release|Any CPU.Build.0 = Release|Any CPU
		{B662D345-97F9-4EAD-963A-3CD63806AA63}.Debug|Any CPU.ActiveCfg = Debug|Any CPU
		{B662D345-97F9-4EAD-963A-3CD63806AA63}.Debug|Any CPU.Build.0 = Debug|Any CPU
		{B662D345-97F9-4EAD-963A-3CD63806AA63}.Release|Any CPU.ActiveCfg = Release|Any CPU
		{B662D345-97F9-4EAD-963A-3CD63806AA63}.Release|Any CPU.Build.0 = Release|Any CPU
	EndGlobalSection
	GlobalSection(SolutionProperties) = preSolution
		HideSolutionNode = FALSE
	EndGlobalSection
	GlobalSection(ExtensibilityGlobals) = postSolution
		SolutionGuid = {FD17B745-1F2C-4498-A2D5-4D66AA8EAF71}
	EndGlobalSection
EndGlobal
